
Microsoft Visual Studio Solution File, Format Version 12.00
# Visual Studio 15
Project("{FAE04EC0-301F-11D3-BF4B-00C04F79EFBC}") = "AplicacionInmobiliaria", "AplicacionInmobiliaria\AplicacionInmobiliaria.csproj", "{A08C27C3-7D68-4ABF-84B8-1E5D651A0869}"
EndProject
Global
	GlobalSection(SolutionConfigurationPlatforms) = preSolution
		Debug|Any CPU = Debug|Any CPU
		Release|Any CPU = Release|Any CPU
	EndGlobalSection
	GlobalSection(ProjectConfigurationPlatforms) = postSolution
		{A08C27C3-7D68-4ABF-84B8-1E5D651A0869}.Debug|Any CPU.ActiveCfg = Debug|Any CPU
		{A08C27C3-7D68-4ABF-84B8-1E5D651A0869}.Debug|Any CPU.Build.0 = Debug|Any CPU
		{A08C27C3-7D68-4ABF-84B8-1E5D651A0869}.Release|Any CPU.ActiveCfg = Release|Any CPU
		{A08C27C3-7D68-4ABF-84B8-1E5D651A0869}.Release|Any CPU.Build.0 = Release|Any CPU
	EndGlobalSection
EndGlobal
